
Microsoft Visual Studio Solution File, Format Version 12.00
# Visual Studio Version 16
VisualStudioVersion = 16.0.31702.278
MinimumVisualStudioVersion = 10.0.40219.1
Project("{8BC9CEB8-8B4A-11D0-8D11-00A0C91BC942}") = "Lab23", "Lab23.vcxproj", "{E92DE54B-55A7-49BF-A876-49E07BA616E8}"
EndProject
Global
	GlobalSection(SolutionConfigurationPlatforms) = preSolution
		Debug|x64 = Debug|x64
		Debug|x86 = Debug|x86
		Release|x64 = Release|x64
		Release|x86 = Release|x86
	EndGlobalSection
	GlobalSection(ProjectConfigurationPlatforms) = postSolution
		{E92DE54B-55A7-49BF-A876-49E07BA616E8}.Debug|x64.ActiveCfg = Debug|x64
		{E92DE54B-55A7-49BF-A876-49E07BA616E8}.Debug|x64.Build.0 = Debug|x64
		{E92DE54B-55A7-49BF-A876-49E07BA616E8}.Debug|x86.ActiveCfg = Debug|Win32
		{E92DE54B-55A7-49BF-A876-49E07BA616E8}.Debug|x86.Build.0 = Debug|Win32
		{E92DE54B-55A7-49BF-A876-49E07BA616E8}.Release|x64.ActiveCfg = Release|x64
		{E92DE54B-55A7-49BF-A876-49E07BA616E8}.Release|x64.Build.0 = Release|x64
		{E92DE54B-55A7-49BF-A876-49E07BA616E8}.Release|x86.ActiveCfg = Release|Win32
		{E92DE54B-55A7-49BF-A876-49E07BA616E8}.Release|x86.Build.0 = Release|Win32
	EndGlobalSection
	GlobalSection(SolutionProperties) = preSolution
		HideSolutionNode = FALSE
	EndGlobalSection
	GlobalSection(ExtensibilityGlobals) = postSolution
		SolutionGuid = {9C52A0E2-4D71-4539-B1E7-B8F30271C590}
	EndGlobalSection
EndGlobal
